
Microsoft Visual Studio Solution File, Format Version 12.00
# Visual Studio 2015
Project("{FAE04EC0-301F-11D3-BF4B-00C04F79EFBC}") = "Sphere.CSharp", "Sphere.CSharp.csproj", "{20203119-B61C-ED84-F1C8-6FC31C25D836}"
EndProject
Global
	GlobalSection(SolutionConfigurationPlatforms) = preSolution
		Debug|Any CPU = Debug|Any CPU
		Release|Any CPU = Release|Any CPU
	EndGlobalSection
	GlobalSection(ProjectConfigurationPlatforms) = postSolution
		{20203119-B61C-ED84-F1C8-6FC31C25D836}.Debug|Any CPU.ActiveCfg = Debug|Any CPU
		{20203119-B61C-ED84-F1C8-6FC31C25D836}.Debug|Any CPU.Build.0 = Debug|Any CPU
		{20203119-B61C-ED84-F1C8-6FC31C25D836}.Release|Any CPU.ActiveCfg = Release|Any CPU
		{20203119-B61C-ED84-F1C8-6FC31C25D836}.Release|Any CPU.Build.0 = Release|Any CPU
	EndGlobalSection
	GlobalSection(SolutionProperties) = preSolution
		HideSolutionNode = FALSE
	EndGlobalSection
EndGlobal
